
Microsoft Visual Studio Solution File, Format Version 12.00
# Visual Studio Version 17
VisualStudioVersion = 17.0.31903.59
MinimumVisualStudioVersion = 10.0.40219.1
Project("{FAE04EC0-301F-11D3-BF4B-00C04F79EFBC}") = "AudioBuddy", "AudioBuddy\AudioBuddy.csproj", "{3AE70271-C46C-4671-826C-10988E9BF625}"
EndProject
Project("{FAE04EC0-301F-11D3-BF4B-00C04F79EFBC}") = "AudioBuddyTest", "AudioBuddyTest\AudioBuddyTest.csproj", "{466F3D24-697F-4676-855D-F56BC6DBBB81}"
EndProject
Global
	GlobalSection(SolutionConfigurationPlatforms) = preSolution
		Debug|Any CPU = Debug|Any CPU
		Debug|x64 = Debug|x64
		Debug|x86 = Debug|x86
		Release|Any CPU = Release|Any CPU
		Release|x64 = Release|x64
		Release|x86 = Release|x86
	EndGlobalSection
	GlobalSection(ProjectConfigurationPlatforms) = postSolution
		{3AE70271-C46C-4671-826C-10988E9BF625}.Debug|Any CPU.ActiveCfg = Debug|Any CPU
		{3AE70271-C46C-4671-826C-10988E9BF625}.Debug|Any CPU.Build.0 = Debug|Any CPU
		{3AE70271-C46C-4671-826C-10988E9BF625}.Debug|x64.ActiveCfg = Debug|Any CPU
		{3AE70271-C46C-4671-826C-10988E9BF625}.Debug|x64.Build.0 = Debug|Any CPU
		{3AE70271-C46C-4671-826C-10988E9BF625}.Debug|x86.ActiveCfg = Debug|Any CPU
		{3AE70271-C46C-4671-826C-10988E9BF625}.Debug|x86.Build.0 = Debug|Any CPU
		{3AE70271-C46C-4671-826C-10988E9BF625}.Release|Any CPU.ActiveCfg = Release|Any CPU
		{3AE70271-C46C-4671-826C-10988E9BF625}.Release|Any CPU.Build.0 = Release|Any CPU
		{3AE70271-C46C-4671-826C-10988E9BF625}.Release|x64.ActiveCfg = Release|Any CPU
		{3AE70271-C46C-4671-826C-10988E9BF625}.Release|x64.Build.0 = Release|Any CPU
		{3AE70271-C46C-4671-826C-10988E9BF625}.Release|x86.ActiveCfg = Release|Any CPU
		{3AE70271-C46C-4671-826C-10988E9BF625}.Release|x86.Build.0 = Release|Any CPU
		{466F3D24-697F-4676-855D-F56BC6DBBB81}.Debug|Any CPU.ActiveCfg = Debug|Any CPU
		{466F3D24-697F-4676-855D-F56BC6DBBB81}.Debug|Any CPU.Build.0 = Debug|Any CPU
		{466F3D24-697F-4676-855D-F56BC6DBBB81}.Debug|x64.ActiveCfg = Debug|Any CPU
		{466F3D24-697F-4676-855D-F56BC6DBBB81}.Debug|x64.Build.0 = Debug|Any CPU
		{466F3D24-697F-4676-855D-F56BC6DBBB81}.Debug|x86.ActiveCfg = Debug|Any CPU
		{466F3D24-697F-4676-855D-F56BC6DBBB81}.Debug|x86.Build.0 = Debug|Any CPU
		{466F3D24-697F-4676-855D-F56BC6DBBB81}.Release|Any CPU.ActiveCfg = Release|Any CPU
		{466F3D24-697F-4676-855D-F56BC6DBBB81}.Release|Any CPU.Build.0 = Release|Any CPU
		{466F3D24-697F-4676-855D-F56BC6DBBB81}.Release|x64.ActiveCfg = Release|Any CPU
		{466F3D24-697F-4676-855D-F56BC6DBBB81}.Release|x64.Build.0 = Release|Any CPU
		{466F3D24-697F-4676-855D-F56BC6DBBB81}.Release|x86.ActiveCfg = Release|Any CPU
		{466F3D24-697F-4676-855D-F56BC6DBBB81}.Release|x86.Build.0 = Release|Any CPU
	EndGlobalSection
	GlobalSection(SolutionProperties) = preSolution
		HideSolutionNode = FALSE
	EndGlobalSection
EndGlobal
